
Microsoft Visual Studio Solution File, Format Version 12.00
# Visual Studio 15
VisualStudioVersion = 15.0.28010.2046
MinimumVisualStudioVersion = 10.0.40219.1
Project("{9A19103F-16F7-4668-BE54-9A1E7A4F7556}") = "P01_BoxOfT", "P01_BoxOfT\P01_BoxOfT.csproj", "{9B3BB283-EC73-4A88-97D9-D0C95ABCF62A}"
EndProject
Project("{9A19103F-16F7-4668-BE54-9A1E7A4F7556}") = "P02_GenericArrayCreator", "P02_GenericArrayCreator\P02_GenericArrayCreator.csproj", "{D39E6AC0-CE4A-4E65-B4CE-ADCAA04A293F}"
EndProject
Project("{FAE04EC0-301F-11D3-BF4B-00C04F79EFBC}") = "P03_Scale", "P03_Scale\P03_Scale.csproj", "{483B6607-DD30-4C2A-8AC3-3302530F0790}"
EndProject
Global
	GlobalSection(SolutionConfigurationPlatforms) = preSolution
		Debug|Any CPU = Debug|Any CPU
		Release|Any CPU = Release|Any CPU
	EndGlobalSection
	GlobalSection(ProjectConfigurationPlatforms) = postSolution
		{9B3BB283-EC73-4A88-97D9-D0C95ABCF62A}.Debug|Any CPU.ActiveCfg = Debug|Any CPU
		{9B3BB283-EC73-4A88-97D9-D0C95ABCF62A}.Debug|Any CPU.Build.0 = Debug|Any CPU
		{9B3BB283-EC73-4A88-97D9-D0C95ABCF62A}.Release|Any CPU.ActiveCfg = Release|Any CPU
		{9B3BB283-EC73-4A88-97D9-D0C95ABCF62A}.Release|Any CPU.Build.0 = Release|Any CPU
		{D39E6AC0-CE4A-4E65-B4CE-ADCAA04A293F}.Debug|Any CPU.ActiveCfg = Debug|Any CPU
		{D39E6AC0-CE4A-4E65-B4CE-ADCAA04A293F}.Debug|Any CPU.Build.0 = Debug|Any CPU
		{D39E6AC0-CE4A-4E65-B4CE-ADCAA04A293F}.Release|Any CPU.ActiveCfg = Release|Any CPU
		{D39E6AC0-CE4A-4E65-B4CE-ADCAA04A293F}.Release|Any CPU.Build.0 = Release|Any CPU
		{483B6607-DD30-4C2A-8AC3-3302530F0790}.Debug|Any CPU.ActiveCfg = Debug|Any CPU
		{483B6607-DD30-4C2A-8AC3-3302530F0790}.Debug|Any CPU.Build.0 = Debug|Any CPU
		{483B6607-DD30-4C2A-8AC3-3302530F0790}.Release|Any CPU.ActiveCfg = Release|Any CPU
		{483B6607-DD30-4C2A-8AC3-3302530F0790}.Release|Any CPU.Build.0 = Release|Any CPU
	EndGlobalSection
	GlobalSection(SolutionProperties) = preSolution
		HideSolutionNode = FALSE
	EndGlobalSection
	GlobalSection(ExtensibilityGlobals) = postSolution
		SolutionGuid = {108D323C-AC1E-4663-9868-F906BC00ED6E}
	EndGlobalSection
EndGlobal
