
Microsoft Visual Studio Solution File, Format Version 12.00
# Visual Studio 15
VisualStudioVersion = 15.0.28010.2046
MinimumVisualStudioVersion = 10.0.40219.1
Project("{9A19103F-16F7-4668-BE54-9A1E7A4F7556}") = "P01_Database", "P01_Database\P01_Database.csproj", "{CB0ED00F-E2BF-447C-A8BA-B3C9D72B1D3F}"
EndProject
Project("{9A19103F-16F7-4668-BE54-9A1E7A4F7556}") = "P01_Database.Tests", "P01_Database.Tests\P01_Database.Tests.csproj", "{DEDB0C9A-73A1-4CC9-AF02-20B0F2CEAA1B}"
EndProject
Project("{9A19103F-16F7-4668-BE54-9A1E7A4F7556}") = "P02_ExtendedDatabase", "P02_ExtendedDatabase\P02_ExtendedDatabase.csproj", "{45B82DED-840C-4612-B43C-75B36AA964F6}"
EndProject
Project("{9A19103F-16F7-4668-BE54-9A1E7A4F7556}") = "P02_ExtendedDatabase.Tests", "P02_ExtendedDatabase.Tests\P02_ExtendedDatabase.Tests.csproj", "{80071DB1-E089-4300-9CC4-FE82ED517B47}"
EndProject
Project("{9A19103F-16F7-4668-BE54-9A1E7A4F7556}") = "P03_IteratorTest", "P03_IteratorTest\P03_IteratorTest.csproj", "{1C55AFA4-55AD-4BAC-857A-3BD4B4F3F172}"
EndProject
Project("{9A19103F-16F7-4668-BE54-9A1E7A4F7556}") = "P03_IteratorTest.Tests", "P03_IteratorTest.Tests\P03_IteratorTest.Tests.csproj", "{54D5FCBA-A2ED-4696-AE75-F8D1D6DB8207}"
EndProject
Project("{9A19103F-16F7-4668-BE54-9A1E7A4F7556}") = "P04_BubbleSortTest", "P04_BubbleSortTest\P04_BubbleSortTest.csproj", "{CF1B8BFA-85B6-4E97-914F-11080FB8AE31}"
EndProject
Project("{9A19103F-16F7-4668-BE54-9A1E7A4F7556}") = "P04_BubbleSortTestTests", "P04_BubbleSortTestTests\P04_BubbleSortTestTests.csproj", "{E1313066-2B7B-4A47-970E-8F50489360EC}"
EndProject
Project("{9A19103F-16F7-4668-BE54-9A1E7A4F7556}") = "P05_Integration", "P05_Integration\P05_Integration.csproj", "{EC2CDF75-EC75-47B7-990E-943D1E57940A}"
EndProject
Project("{9A19103F-16F7-4668-BE54-9A1E7A4F7556}") = "P05_Integration.Tests", "P05_Integration.Tests\P05_Integration.Tests.csproj", "{9DC417C3-7D31-47D1-90DE-1D90E7E44E23}"
EndProject
Project("{9A19103F-16F7-4668-BE54-9A1E7A4F7556}") = "P06_Twitter", "P06_Twitter\P06_Twitter.csproj", "{4FAB716B-422F-47B8-BE2B-51C996D53F81}"
EndProject
Project("{9A19103F-16F7-4668-BE54-9A1E7A4F7556}") = "P06_Twitter.Tests", "P06_Twitter.Tests\P06_Twitter.Tests.csproj", "{E9805855-E1B0-4A33-8727-0C7EFE792568}"
EndProject
Project("{9A19103F-16F7-4668-BE54-9A1E7A4F7556}") = "P07_Hack", "P07_Hack\P07_Hack.csproj", "{3EEEB63D-B83D-493C-BFCF-199D22614BBF}"
EndProject
Project("{9A19103F-16F7-4668-BE54-9A1E7A4F7556}") = "P07_Hack.Tests", "P07_Hack.Tests\P07_Hack.Tests.csproj", "{421B94B9-9320-4FE3-B4A7-73639E558861}"
EndProject
Project("{9A19103F-16F7-4668-BE54-9A1E7A4F7556}") = "P08_CustomLinkedList", "P08_CustomLinkedList\P08_CustomLinkedList.csproj", "{A8DF21BA-9360-4ED5-BB01-EC90C65F7DFA}"
EndProject
Project("{9A19103F-16F7-4668-BE54-9A1E7A4F7556}") = "P08_CustomLinkedList.Tests", "P08_CustomLinkedList.Tests\P08_CustomLinkedList.Tests.csproj", "{B647180D-B9FF-4D0C-8790-D7D8FBC47ED3}"
EndProject
Project("{FAE04EC0-301F-11D3-BF4B-00C04F79EFBC}") = "P09_DateTimeNowAddDaysTests", "P09_DateTimeNowAddDaysTests\P09_DateTimeNowAddDaysTests.csproj", "{69A7E890-B548-477B-A4E4-B417ED7271BD}"
EndProject
Project("{FAE04EC0-301F-11D3-BF4B-00C04F79EFBC}") = "P10_TirePressureMonitoringSystem", "P10_TirePressureMonitoringSystem\P10_TirePressureMonitoringSystem.csproj", "{252635AA-9B1A-4C69-9B8A-8C9EAC96FE88}"
EndProject
Global
	GlobalSection(SolutionConfigurationPlatforms) = preSolution
		Debug|Any CPU = Debug|Any CPU
		Release|Any CPU = Release|Any CPU
	EndGlobalSection
	GlobalSection(ProjectConfigurationPlatforms) = postSolution
		{CB0ED00F-E2BF-447C-A8BA-B3C9D72B1D3F}.Debug|Any CPU.ActiveCfg = Debug|Any CPU
		{CB0ED00F-E2BF-447C-A8BA-B3C9D72B1D3F}.Debug|Any CPU.Build.0 = Debug|Any CPU
		{CB0ED00F-E2BF-447C-A8BA-B3C9D72B1D3F}.Release|Any CPU.ActiveCfg = Release|Any CPU
		{CB0ED00F-E2BF-447C-A8BA-B3C9D72B1D3F}.Release|Any CPU.Build.0 = Release|Any CPU
		{DEDB0C9A-73A1-4CC9-AF02-20B0F2CEAA1B}.Debug|Any CPU.ActiveCfg = Debug|Any CPU
		{DEDB0C9A-73A1-4CC9-AF02-20B0F2CEAA1B}.Debug|Any CPU.Build.0 = Debug|Any CPU
		{DEDB0C9A-73A1-4CC9-AF02-20B0F2CEAA1B}.Release|Any CPU.ActiveCfg = Release|Any CPU
		{DEDB0C9A-73A1-4CC9-AF02-20B0F2CEAA1B}.Release|Any CPU.Build.0 = Release|Any CPU
		{45B82DED-840C-4612-B43C-75B36AA964F6}.Debug|Any CPU.ActiveCfg = Debug|Any CPU
		{45B82DED-840C-4612-B43C-75B36AA964F6}.Debug|Any CPU.Build.0 = Debug|Any CPU
		{45B82DED-840C-4612-B43C-75B36AA964F6}.Release|Any CPU.ActiveCfg = Release|Any CPU
		{45B82DED-840C-4612-B43C-75B36AA964F6}.Release|Any CPU.Build.0 = Release|Any CPU
		{80071DB1-E089-4300-9CC4-FE82ED517B47}.Debug|Any CPU.ActiveCfg = Debug|Any CPU
		{80071DB1-E089-4300-9CC4-FE82ED517B47}.Debug|Any CPU.Build.0 = Debug|Any CPU
		{80071DB1-E089-4300-9CC4-FE82ED517B47}.Release|Any CPU.ActiveCfg = Release|Any CPU
		{80071DB1-E089-4300-9CC4-FE82ED517B47}.Release|Any CPU.Build.0 = Release|Any CPU
		{1C55AFA4-55AD-4BAC-857A-3BD4B4F3F172}.Debug|Any CPU.ActiveCfg = Debug|Any CPU
		{1C55AFA4-55AD-4BAC-857A-3BD4B4F3F172}.Debug|Any CPU.Build.0 = Debug|Any CPU
		{1C55AFA4-55AD-4BAC-857A-3BD4B4F3F172}.Release|Any CPU.ActiveCfg = Release|Any CPU
		{1C55AFA4-55AD-4BAC-857A-3BD4B4F3F172}.Release|Any CPU.Build.0 = Release|Any CPU
		{54D5FCBA-A2ED-4696-AE75-F8D1D6DB8207}.Debug|Any CPU.ActiveCfg = Debug|Any CPU
		{54D5FCBA-A2ED-4696-AE75-F8D1D6DB8207}.Debug|Any CPU.Build.0 = Debug|Any CPU
		{54D5FCBA-A2ED-4696-AE75-F8D1D6DB8207}.Release|Any CPU.ActiveCfg = Release|Any CPU
		{54D5FCBA-A2ED-4696-AE75-F8D1D6DB8207}.Release|Any CPU.Build.0 = Release|Any CPU
		{CF1B8BFA-85B6-4E97-914F-11080FB8AE31}.Debug|Any CPU.ActiveCfg = Debug|Any CPU
		{CF1B8BFA-85B6-4E97-914F-11080FB8AE31}.Debug|Any CPU.Build.0 = Debug|Any CPU
		{CF1B8BFA-85B6-4E97-914F-11080FB8AE31}.Release|Any CPU.ActiveCfg = Release|Any CPU
		{CF1B8BFA-85B6-4E97-914F-11080FB8AE31}.Release|Any CPU.Build.0 = Release|Any CPU
		{E1313066-2B7B-4A47-970E-8F50489360EC}.Debug|Any CPU.ActiveCfg = Debug|Any CPU
		{E1313066-2B7B-4A47-970E-8F50489360EC}.Debug|Any CPU.Build.0 = Debug|Any CPU
		{E1313066-2B7B-4A47-970E-8F50489360EC}.Release|Any CPU.ActiveCfg = Release|Any CPU
		{E1313066-2B7B-4A47-970E-8F50489360EC}.Release|Any CPU.Build.0 = Release|Any CPU
		{EC2CDF75-EC75-47B7-990E-943D1E57940A}.Debug|Any CPU.ActiveCfg = Debug|Any CPU
		{EC2CDF75-EC75-47B7-990E-943D1E57940A}.Debug|Any CPU.Build.0 = Debug|Any CPU
		{EC2CDF75-EC75-47B7-990E-943D1E57940A}.Release|Any CPU.ActiveCfg = Release|Any CPU
		{EC2CDF75-EC75-47B7-990E-943D1E57940A}.Release|Any CPU.Build.0 = Release|Any CPU
		{9DC417C3-7D31-47D1-90DE-1D90E7E44E23}.Debug|Any CPU.ActiveCfg = Debug|Any CPU
		{9DC417C3-7D31-47D1-90DE-1D90E7E44E23}.Debug|Any CPU.Build.0 = Debug|Any CPU
		{9DC417C3-7D31-47D1-90DE-1D90E7E44E23}.Release|Any CPU.ActiveCfg = Release|Any CPU
		{9DC417C3-7D31-47D1-90DE-1D90E7E44E23}.Release|Any CPU.Build.0 = Release|Any CPU
		{4FAB716B-422F-47B8-BE2B-51C996D53F81}.Debug|Any CPU.ActiveCfg = Debug|Any CPU
		{4FAB716B-422F-47B8-BE2B-51C996D53F81}.Debug|Any CPU.Build.0 = Debug|Any CPU
		{4FAB716B-422F-47B8-BE2B-51C996D53F81}.Release|Any CPU.ActiveCfg = Release|Any CPU
		{4FAB716B-422F-47B8-BE2B-51C996D53F81}.Release|Any CPU.Build.0 = Release|Any CPU
		{E9805855-E1B0-4A33-8727-0C7EFE792568}.Debug|Any CPU.ActiveCfg = Debug|Any CPU
		{E9805855-E1B0-4A33-8727-0C7EFE792568}.Debug|Any CPU.Build.0 = Debug|Any CPU
		{E9805855-E1B0-4A33-8727-0C7EFE792568}.Release|Any CPU.ActiveCfg = Release|Any CPU
		{E9805855-E1B0-4A33-8727-0C7EFE792568}.Release|Any CPU.Build.0 = Release|Any CPU
		{3EEEB63D-B83D-493C-BFCF-199D22614BBF}.Debug|Any CPU.ActiveCfg = Debug|Any CPU
		{3EEEB63D-B83D-493C-BFCF-199D22614BBF}.Debug|Any CPU.Build.0 = Debug|Any CPU
		{3EEEB63D-B83D-493C-BFCF-199D22614BBF}.Release|Any CPU.ActiveCfg = Release|Any CPU
		{3EEEB63D-B83D-493C-BFCF-199D22614BBF}.Release|Any CPU.Build.0 = Release|Any CPU
		{421B94B9-9320-4FE3-B4A7-73639E558861}.Debug|Any CPU.ActiveCfg = Debug|Any CPU
		{421B94B9-9320-4FE3-B4A7-73639E558861}.Debug|Any CPU.Build.0 = Debug|Any CPU
		{421B94B9-9320-4FE3-B4A7-73639E558861}.Release|Any CPU.ActiveCfg = Release|Any CPU
		{421B94B9-9320-4FE3-B4A7-73639E558861}.Release|Any CPU.Build.0 = Release|Any CPU
		{A8DF21BA-9360-4ED5-BB01-EC90C65F7DFA}.Debug|Any CPU.ActiveCfg = Debug|Any CPU
		{A8DF21BA-9360-4ED5-BB01-EC90C65F7DFA}.Debug|Any CPU.Build.0 = Debug|Any CPU
		{A8DF21BA-9360-4ED5-BB01-EC90C65F7DFA}.Release|Any CPU.ActiveCfg = Release|Any CPU
		{A8DF21BA-9360-4ED5-BB01-EC90C65F7DFA}.Release|Any CPU.Build.0 = Release|Any CPU
		{B647180D-B9FF-4D0C-8790-D7D8FBC47ED3}.Debug|Any CPU.ActiveCfg = Debug|Any CPU
		{B647180D-B9FF-4D0C-8790-D7D8FBC47ED3}.Debug|Any CPU.Build.0 = Debug|Any CPU
		{B647180D-B9FF-4D0C-8790-D7D8FBC47ED3}.Release|Any CPU.ActiveCfg = Release|Any CPU
		{B647180D-B9FF-4D0C-8790-D7D8FBC47ED3}.Release|Any CPU.Build.0 = Release|Any CPU
		{69A7E890-B548-477B-A4E4-B417ED7271BD}.Debug|Any CPU.ActiveCfg = Debug|Any CPU
		{69A7E890-B548-477B-A4E4-B417ED7271BD}.Debug|Any CPU.Build.0 = Debug|Any CPU
		{69A7E890-B548-477B-A4E4-B417ED7271BD}.Release|Any CPU.ActiveCfg = Release|Any CPU
		{69A7E890-B548-477B-A4E4-B417ED7271BD}.Release|Any CPU.Build.0 = Release|Any CPU
		{252635AA-9B1A-4C69-9B8A-8C9EAC96FE88}.Debug|Any CPU.ActiveCfg = Debug|Any CPU
		{252635AA-9B1A-4C69-9B8A-8C9EAC96FE88}.Debug|Any CPU.Build.0 = Debug|Any CPU
		{252635AA-9B1A-4C69-9B8A-8C9EAC96FE88}.Release|Any CPU.ActiveCfg = Release|Any CPU
		{252635AA-9B1A-4C69-9B8A-8C9EAC96FE88}.Release|Any CPU.Build.0 = Release|Any CPU
	EndGlobalSection
	GlobalSection(SolutionProperties) = preSolution
		HideSolutionNode = FALSE
	EndGlobalSection
	GlobalSection(ExtensibilityGlobals) = postSolution
		SolutionGuid = {C758A18C-3659-440F-9CF1-C7DC02A1C1DA}
	EndGlobalSection
EndGlobal
