
Microsoft Visual Studio Solution File, Format Version 12.00
# Visual Studio 15
VisualStudioVersion = 15.0.28010.2048
MinimumVisualStudioVersion = 10.0.40219.1
Project("{FAE04EC0-301F-11D3-BF4B-00C04F79EFBC}") = "P01_EventImplementation", "P01_EventImplementation\P01_EventImplementation.csproj", "{09BA7127-08CD-4C5C-9BB8-E78B7FA8DC31}"
EndProject
Project("{FAE04EC0-301F-11D3-BF4B-00C04F79EFBC}") = "P02_KingsGambit", "P02_KingsGambit\P02_KingsGambit.csproj", "{8078EDCC-DB1C-4E52-90A2-385BE2248C1E}"
EndProject
Project("{FAE04EC0-301F-11D3-BF4B-00C04F79EFBC}") = "P03_DependencyInversion", "P03_DependencyInversion\P03_DependencyInversion.csproj", "{1F7075A1-3709-4A84-AD76-195A18D98ED7}"
EndProject
Project("{FAE04EC0-301F-11D3-BF4B-00C04F79EFBC}") = "P04_WorkForce", "P04_WorkForce\P04_WorkForce.csproj", "{492A6DF4-1E95-4054-8C0B-DB071C0AAEA7}"
EndProject
Project("{FAE04EC0-301F-11D3-BF4B-00C04F79EFBC}") = "P05_MirrorImage", "P05_MirrorImage\P05_MirrorImage.csproj", "{B4B3C4B4-BB10-42D6-84A3-F2BED6D159DB}"
EndProject
Project("{FAE04EC0-301F-11D3-BF4B-00C04F79EFBC}") = "P06_1984", "P06_1984\P06_1984.csproj", "{03325B77-6D02-4E4F-8EC6-7C53F04C6D52}"
EndProject
Global
	GlobalSection(SolutionConfigurationPlatforms) = preSolution
		Debug|Any CPU = Debug|Any CPU
		Release|Any CPU = Release|Any CPU
	EndGlobalSection
	GlobalSection(ProjectConfigurationPlatforms) = postSolution
		{09BA7127-08CD-4C5C-9BB8-E78B7FA8DC31}.Debug|Any CPU.ActiveCfg = Debug|Any CPU
		{09BA7127-08CD-4C5C-9BB8-E78B7FA8DC31}.Debug|Any CPU.Build.0 = Debug|Any CPU
		{09BA7127-08CD-4C5C-9BB8-E78B7FA8DC31}.Release|Any CPU.ActiveCfg = Release|Any CPU
		{09BA7127-08CD-4C5C-9BB8-E78B7FA8DC31}.Release|Any CPU.Build.0 = Release|Any CPU
		{8078EDCC-DB1C-4E52-90A2-385BE2248C1E}.Debug|Any CPU.ActiveCfg = Debug|Any CPU
		{8078EDCC-DB1C-4E52-90A2-385BE2248C1E}.Debug|Any CPU.Build.0 = Debug|Any CPU
		{8078EDCC-DB1C-4E52-90A2-385BE2248C1E}.Release|Any CPU.ActiveCfg = Release|Any CPU
		{8078EDCC-DB1C-4E52-90A2-385BE2248C1E}.Release|Any CPU.Build.0 = Release|Any CPU
		{1F7075A1-3709-4A84-AD76-195A18D98ED7}.Debug|Any CPU.ActiveCfg = Debug|Any CPU
		{1F7075A1-3709-4A84-AD76-195A18D98ED7}.Debug|Any CPU.Build.0 = Debug|Any CPU
		{1F7075A1-3709-4A84-AD76-195A18D98ED7}.Release|Any CPU.ActiveCfg = Release|Any CPU
		{1F7075A1-3709-4A84-AD76-195A18D98ED7}.Release|Any CPU.Build.0 = Release|Any CPU
		{492A6DF4-1E95-4054-8C0B-DB071C0AAEA7}.Debug|Any CPU.ActiveCfg = Debug|Any CPU
		{492A6DF4-1E95-4054-8C0B-DB071C0AAEA7}.Debug|Any CPU.Build.0 = Debug|Any CPU
		{492A6DF4-1E95-4054-8C0B-DB071C0AAEA7}.Release|Any CPU.ActiveCfg = Release|Any CPU
		{492A6DF4-1E95-4054-8C0B-DB071C0AAEA7}.Release|Any CPU.Build.0 = Release|Any CPU
		{B4B3C4B4-BB10-42D6-84A3-F2BED6D159DB}.Debug|Any CPU.ActiveCfg = Debug|Any CPU
		{B4B3C4B4-BB10-42D6-84A3-F2BED6D159DB}.Debug|Any CPU.Build.0 = Debug|Any CPU
		{B4B3C4B4-BB10-42D6-84A3-F2BED6D159DB}.Release|Any CPU.ActiveCfg = Release|Any CPU
		{B4B3C4B4-BB10-42D6-84A3-F2BED6D159DB}.Release|Any CPU.Build.0 = Release|Any CPU
		{03325B77-6D02-4E4F-8EC6-7C53F04C6D52}.Debug|Any CPU.ActiveCfg = Debug|Any CPU
		{03325B77-6D02-4E4F-8EC6-7C53F04C6D52}.Debug|Any CPU.Build.0 = Debug|Any CPU
		{03325B77-6D02-4E4F-8EC6-7C53F04C6D52}.Release|Any CPU.ActiveCfg = Release|Any CPU
		{03325B77-6D02-4E4F-8EC6-7C53F04C6D52}.Release|Any CPU.Build.0 = Release|Any CPU
	EndGlobalSection
	GlobalSection(SolutionProperties) = preSolution
		HideSolutionNode = FALSE
	EndGlobalSection
	GlobalSection(ExtensibilityGlobals) = postSolution
		SolutionGuid = {474EC93E-B115-4346-905C-56FF694C85D2}
	EndGlobalSection
EndGlobal
