
Microsoft Visual Studio Solution File, Format Version 12.00
# Visual Studio 15
VisualStudioVersion = 15.0.28010.2046
MinimumVisualStudioVersion = 10.0.40219.1
Project("{9A19103F-16F7-4668-BE54-9A1E7A4F7556}") = "P01_GenericBoxOfString", "P01_GenericBoxOfString\P01_GenericBoxOfString.csproj", "{AAF19E3B-D994-4AA4-BF25-9CF2922762B5}"
EndProject
Project("{9A19103F-16F7-4668-BE54-9A1E7A4F7556}") = "P02_GenericBoxOfInteger", "P02_GenericBoxOfInteger\P02_GenericBoxOfInteger.csproj", "{0ACFE2F9-EC4F-4F9B-8C0A-65A318533B9A}"
EndProject
Project("{9A19103F-16F7-4668-BE54-9A1E7A4F7556}") = "P03_GenericSwapMethodString", "P03_GenericSwapMethodString\P03_GenericSwapMethodString.csproj", "{1025001F-ED5E-42FC-8A9B-DF3299D3514A}"
EndProject
Project("{9A19103F-16F7-4668-BE54-9A1E7A4F7556}") = "P05_GenericCountMethodStrings", "P05_GenericCountMethodStrings\P05_GenericCountMethodStrings.csproj", "{2086BE1B-0DCF-467B-9054-32B095E6E00A}"
EndProject
Project("{9A19103F-16F7-4668-BE54-9A1E7A4F7556}") = "P06_GenericCountMethodDouble", "P06_GenericCountMethodDouble\P06_GenericCountMethodDouble.csproj", "{7E8FACEC-F32B-4E16-AECC-6C85E639DAEE}"
EndProject
Project("{9A19103F-16F7-4668-BE54-9A1E7A4F7556}") = "P07_CustomList", "P07_CustomList\P07_CustomList.csproj", "{F2DAFD1E-C21B-4DE4-8A52-E900CCB6B487}"
EndProject
Project("{9A19103F-16F7-4668-BE54-9A1E7A4F7556}") = "P08_CustomListSorter", "P08_CustomListSorter\P08_CustomListSorter.csproj", "{275AFDF9-DAD2-4A7B-82EA-D5A0841949E5}"
EndProject
Project("{FAE04EC0-301F-11D3-BF4B-00C04F79EFBC}") = "P10_Tuple", "P10_Tuple\P10_Tuple.csproj", "{1FA42F5D-F67E-4A35-8AD9-519F9059097E}"
EndProject
Project("{FAE04EC0-301F-11D3-BF4B-00C04F79EFBC}") = "P11_Threeuple", "P11_Threeuple\P11_Threeuple.csproj", "{69642F60-4F58-4996-9C16-B21DACF94706}"
EndProject
Global
	GlobalSection(SolutionConfigurationPlatforms) = preSolution
		Debug|Any CPU = Debug|Any CPU
		Release|Any CPU = Release|Any CPU
	EndGlobalSection
	GlobalSection(ProjectConfigurationPlatforms) = postSolution
		{AAF19E3B-D994-4AA4-BF25-9CF2922762B5}.Debug|Any CPU.ActiveCfg = Debug|Any CPU
		{AAF19E3B-D994-4AA4-BF25-9CF2922762B5}.Debug|Any CPU.Build.0 = Debug|Any CPU
		{AAF19E3B-D994-4AA4-BF25-9CF2922762B5}.Release|Any CPU.ActiveCfg = Release|Any CPU
		{AAF19E3B-D994-4AA4-BF25-9CF2922762B5}.Release|Any CPU.Build.0 = Release|Any CPU
		{0ACFE2F9-EC4F-4F9B-8C0A-65A318533B9A}.Debug|Any CPU.ActiveCfg = Debug|Any CPU
		{0ACFE2F9-EC4F-4F9B-8C0A-65A318533B9A}.Debug|Any CPU.Build.0 = Debug|Any CPU
		{0ACFE2F9-EC4F-4F9B-8C0A-65A318533B9A}.Release|Any CPU.ActiveCfg = Release|Any CPU
		{0ACFE2F9-EC4F-4F9B-8C0A-65A318533B9A}.Release|Any CPU.Build.0 = Release|Any CPU
		{1025001F-ED5E-42FC-8A9B-DF3299D3514A}.Debug|Any CPU.ActiveCfg = Debug|Any CPU
		{1025001F-ED5E-42FC-8A9B-DF3299D3514A}.Debug|Any CPU.Build.0 = Debug|Any CPU
		{1025001F-ED5E-42FC-8A9B-DF3299D3514A}.Release|Any CPU.ActiveCfg = Release|Any CPU
		{1025001F-ED5E-42FC-8A9B-DF3299D3514A}.Release|Any CPU.Build.0 = Release|Any CPU
		{2086BE1B-0DCF-467B-9054-32B095E6E00A}.Debug|Any CPU.ActiveCfg = Debug|Any CPU
		{2086BE1B-0DCF-467B-9054-32B095E6E00A}.Debug|Any CPU.Build.0 = Debug|Any CPU
		{2086BE1B-0DCF-467B-9054-32B095E6E00A}.Release|Any CPU.ActiveCfg = Release|Any CPU
		{2086BE1B-0DCF-467B-9054-32B095E6E00A}.Release|Any CPU.Build.0 = Release|Any CPU
		{7E8FACEC-F32B-4E16-AECC-6C85E639DAEE}.Debug|Any CPU.ActiveCfg = Debug|Any CPU
		{7E8FACEC-F32B-4E16-AECC-6C85E639DAEE}.Debug|Any CPU.Build.0 = Debug|Any CPU
		{7E8FACEC-F32B-4E16-AECC-6C85E639DAEE}.Release|Any CPU.ActiveCfg = Release|Any CPU
		{7E8FACEC-F32B-4E16-AECC-6C85E639DAEE}.Release|Any CPU.Build.0 = Release|Any CPU
		{F2DAFD1E-C21B-4DE4-8A52-E900CCB6B487}.Debug|Any CPU.ActiveCfg = Debug|Any CPU
		{F2DAFD1E-C21B-4DE4-8A52-E900CCB6B487}.Debug|Any CPU.Build.0 = Debug|Any CPU
		{F2DAFD1E-C21B-4DE4-8A52-E900CCB6B487}.Release|Any CPU.ActiveCfg = Release|Any CPU
		{F2DAFD1E-C21B-4DE4-8A52-E900CCB6B487}.Release|Any CPU.Build.0 = Release|Any CPU
		{275AFDF9-DAD2-4A7B-82EA-D5A0841949E5}.Debug|Any CPU.ActiveCfg = Debug|Any CPU
		{275AFDF9-DAD2-4A7B-82EA-D5A0841949E5}.Debug|Any CPU.Build.0 = Debug|Any CPU
		{275AFDF9-DAD2-4A7B-82EA-D5A0841949E5}.Release|Any CPU.ActiveCfg = Release|Any CPU
		{275AFDF9-DAD2-4A7B-82EA-D5A0841949E5}.Release|Any CPU.Build.0 = Release|Any CPU
		{1FA42F5D-F67E-4A35-8AD9-519F9059097E}.Debug|Any CPU.ActiveCfg = Debug|Any CPU
		{1FA42F5D-F67E-4A35-8AD9-519F9059097E}.Debug|Any CPU.Build.0 = Debug|Any CPU
		{1FA42F5D-F67E-4A35-8AD9-519F9059097E}.Release|Any CPU.ActiveCfg = Release|Any CPU
		{1FA42F5D-F67E-4A35-8AD9-519F9059097E}.Release|Any CPU.Build.0 = Release|Any CPU
		{69642F60-4F58-4996-9C16-B21DACF94706}.Debug|Any CPU.ActiveCfg = Debug|Any CPU
		{69642F60-4F58-4996-9C16-B21DACF94706}.Debug|Any CPU.Build.0 = Debug|Any CPU
		{69642F60-4F58-4996-9C16-B21DACF94706}.Release|Any CPU.ActiveCfg = Release|Any CPU
		{69642F60-4F58-4996-9C16-B21DACF94706}.Release|Any CPU.Build.0 = Release|Any CPU
	EndGlobalSection
	GlobalSection(SolutionProperties) = preSolution
		HideSolutionNode = FALSE
	EndGlobalSection
	GlobalSection(ExtensibilityGlobals) = postSolution
		SolutionGuid = {84C85CD7-FDC0-4140-92E7-3DCDA112736A}
	EndGlobalSection
EndGlobal
